# THIS IS AN AUTOGENERATED FILE. DO NOT EDIT THIS FILE DIRECTLY.
# yarn lockfile v1


"@types/node@^12.7.2":
  version "12.20.17"
  resolved "https://registry.yarnpkg.com/@types/node/-/node-12.20.17.tgz#ffd44c2801fc527a6fe6e86bc9b900261df1c87e"
  integrity sha512-so8EHl4S6MmatPS0f9sE1ND94/ocbcEshW5OpyYthRqeRpiYyW2uXYTo/84kmfdfeNrDycARkvuiXl6nO40NGg==

amqp-ts@^1.8.0:
  version "1.8.0"
  resolved "https://registry.yarnpkg.com/amqp-ts/-/amqp-ts-1.8.0.tgz#b29e1d550bdfda6688d83e4b4ebd085ffdd581f7"
  integrity sha512-XIqxqfpJX4G3KkGcpyPhVXXmw8S+BZfzQuSPB504RBibi55XEpHEHgFNWWNHRax09bmiPgPYQmTNEec6pJUfMQ==
  dependencies:
    "@types/node" "^12.7.2"
    amqplib "^0.4.1"
    bluebird "^3.3.5"
    winston "^2.2.0"

amqplib@^0.4.1:
  version "0.4.2"
  resolved "https://registry.yarnpkg.com/amqplib/-/amqplib-0.4.2.tgz#5e4a2a914ccb3125f9cb91f6da07c97aa4cb13a6"
  integrity sha1-XkoqkUzLMSX5y5H22gfJeqTLE6Y=
  dependencies:
    bitsyntax "~0.0.4"
    buffer-more-ints "0.0.2"
    readable-stream "1.x >=1.1.9"
    when "~3.6.2"

async@~1.0.0:
  version "1.0.0"
  resolved "https://registry.yarnpkg.com/async/-/async-1.0.0.tgz#f8fc04ca3a13784ade9e1641af98578cfbd647a9"
  integrity sha1-+PwEyjoTeErenhZBr5hXjPvWR6k=

bitsyntax@~0.0.4:
  version "0.0.4"
  resolved "https://registry.yarnpkg.com/bitsyntax/-/bitsyntax-0.0.4.tgz#eb10cc6f82b8c490e3e85698f07e83d46e0cba82"
  integrity sha1-6xDMb4K4xJDj6FaY8H6D1G4MuoI=
  dependencies:
    buffer-more-ints "0.0.2"

bluebird@^3.3.5:
  version "3.7.2"
  resolved "https://registry.yarnpkg.com/bluebird/-/bluebird-3.7.2.tgz#9f229c15be272454ffa973ace0dbee79a1b0c36f"
  integrity sha512-XpNj6GDQzdfW+r2Wnn7xiSAd7TM3jzkxGXBGTtWKuSXv1xUV+azxAm8jdWZN06QTQk+2N2XB9jRDkvbmQmcRtg==

buffer-more-ints@0.0.2:
  version "0.0.2"
  resolved "https://registry.yarnpkg.com/buffer-more-ints/-/buffer-more-ints-0.0.2.tgz#26b3885d10fa13db7fc01aae3aab870199e0124c"
  integrity sha1-JrOIXRD6E9t/wBquOquHAZngEkw=

colors@1.0.x:
  version "1.0.3"
  resolved "https://registry.yarnpkg.com/colors/-/colors-1.0.3.tgz#0433f44d809680fdeb60ed260f1b0c262e82a40b"
  integrity sha1-BDP0TYCWgP3rYO0mDxsMJi6CpAs=

core-util-is@~1.0.0:
  version "1.0.2"
  resolved "https://registry.yarnpkg.com/core-util-is/-/core-util-is-1.0.2.tgz#b5fd54220aa2bc5ab57aab7140c940754503c1a7"
  integrity sha1-tf1UIgqivFq1eqtxQMlAdUUDwac=

cycle@1.0.x:
  version "1.0.3"
  resolved "https://registry.yarnpkg.com/cycle/-/cycle-1.0.3.tgz#21e80b2be8580f98b468f379430662b046c34ad2"
  integrity sha1-IegLK+hYD5i0aPN5QwZisEbDStI=

eyes@0.1.x:
  version "0.1.8"
  resolved "https://registry.yarnpkg.com/eyes/-/eyes-0.1.8.tgz#62cf120234c683785d902348a800ef3e0cc20bc0"
  integrity sha1-Ys8SAjTGg3hdkCNIqADvPgzCC8A=

inherits@~2.0.1:
  version "2.0.4"
  resolved "https://registry.yarnpkg.com/inherits/-/inherits-2.0.4.tgz#0fa2c64f932917c3433a0ded55363aae37416b7c"
  integrity sha512-k/vGaX4/Yla3WzyMCvTQOXYeIHvqOKtnqBduzTHpzpQZzAskKMhZ2K+EnBiSM9zGSoIFeMpXKxa4dYeZIQqewQ==

isarray@0.0.1:
  version "0.0.1"
  resolved "https://registry.yarnpkg.com/isarray/-/isarray-0.0.1.tgz#8a18acfca9a8f4177e09abfc6038939b05d1eedf"
  integrity sha1-ihis/Kmo9Bd+Cav8YDiTmwXR7t8=

isstream@0.1.x:
  version "0.1.2"
  resolved "https://registry.yarnpkg.com/isstream/-/isstream-0.1.2.tgz#47e63f7af55afa6f92e1500e690eb8b8529c099a"
  integrity sha1-R+Y/evVa+m+S4VAOaQ64uFKcCZo=

"readable-stream@1.x >=1.1.9":
  version "1.1.14"
  resolved "https://registry.yarnpkg.com/readable-stream/-/readable-stream-1.1.14.tgz#7cf4c54ef648e3813084c636dd2079e166c081d9"
  integrity sha1-fPTFTvZI44EwhMY23SB54WbAgdk=
  dependencies:
    core-util-is "~1.0.0"
    inherits "~2.0.1"
    isarray "0.0.1"
    string_decoder "~0.10.x"

stack-trace@0.0.x:
  version "0.0.10"
  resolved "https://registry.yarnpkg.com/stack-trace/-/stack-trace-0.0.10.tgz#547c70b347e8d32b4e108ea1a2a159e5fdde19c0"
  integrity sha1-VHxws0fo0ytOEI6hoqFZ5f3eGcA=

string_decoder@~0.10.x:
  version "0.10.31"
  resolved "https://registry.yarnpkg.com/string_decoder/-/string_decoder-0.10.31.tgz#62e203bc41766c6c28c9fc84301dab1c5310fa94"
  integrity sha1-YuIDvEF2bGwoyfyEMB2rHFMQ+pQ=

when@~3.6.2:
  version "3.6.4"
  resolved "https://registry.yarnpkg.com/when/-/when-3.6.4.tgz#473b517ec159e2b85005497a13983f095412e34e"
  integrity sha1-RztRfsFZ4rhQBUl6E5g/CVQS404=

winston@^2.2.0:
  version "2.4.5"
  resolved "https://registry.yarnpkg.com/winston/-/winston-2.4.5.tgz#f2e431d56154c4ea765545fc1003bd340c95b59a"
  integrity sha512-TWoamHt5yYvsMarGlGEQE59SbJHqGsZV8/lwC+iCcGeAe0vUaOh+Lv6SYM17ouzC/a/LB1/hz/7sxFBtlu1l4A==
  dependencies:
    async "~1.0.0"
    colors "1.0.x"
    cycle "1.0.x"
    eyes "0.1.x"
    isstream "0.1.x"
    stack-trace "0.0.x"
